{
  "object": {
    "pins": [
      {
        "package": "Cryptor",
        "repositoryURL": "https://github.com/IBM-Swift/BlueCryptor.git",
        "state": {
          "branch": null,
          "revision": "ee5880e031da4c609f372cf7472476ab51d5dd19",
          "version": "1.0.200"
        }
      },
      {
        "package": "CryptorECC",
        "repositoryURL": "https://github.com/IBM-Swift/BlueECC.git",
        "state": {
          "branch": null,
          "revision": "1485268a54f8135435a825a855e733f026fa6cc8",
          "version": "1.2.201"
        }
      },
      {
        "package": "OpenCombine",
        "repositoryURL": "https://github.com/OpenCombine/OpenCombine.git",
        "state": {
          "branch": null,
          "revision": "8576f0d579b27020beccbccc3ea6844f3ddfc2c2",
          "version": "0.14.0"
        }
      }
    ]
  },
  "version": 1
}
